
Microsoft Visual Studio Solution File, Format Version 12.00
# Visual Studio Version 17
VisualStudioVersion = 17.8.34330.188
MinimumVisualStudioVersion = 10.0.40219.1
Project("{FAE04EC0-301F-11D3-BF4B-00C04F79EFBC}") = "Client", "Client\Client.csproj", "{BA270B21-AD7A-4BF2-8190-729F5362D9C5}"
EndProject
Project("{FAE04EC0-301F-11D3-BF4B-00C04F79EFBC}") = "Server", "Server\Server.csproj", "{00726BFD-1FA9-4477-9959-25E0217887E7}"
EndProject
Project("{2150E333-8FDC-42A3-9474-1A3956D46DE8}") = "Solution Items", "Solution Items", "{665D57A4-F102-408B-BD88-4DF328511CA4}"
	ProjectSection(SolutionItems) = preProject
		fxmanifest.lua = fxmanifest.lua
	EndProjectSection
EndProject
Project("{2150E333-8FDC-42A3-9474-1A3956D46DE8}") = "NewFolder1", "NewFolder1", "{89AF7F9F-B94A-404A-8D84-E42B513F1085}"
EndProject
Global
	GlobalSection(SolutionConfigurationPlatforms) = preSolution
		Debug|Any CPU = Debug|Any CPU
		Release|Any CPU = Release|Any CPU
	EndGlobalSection
	GlobalSection(ProjectConfigurationPlatforms) = postSolution
		{BA270B21-AD7A-4BF2-8190-729F5362D9C5}.Debug|Any CPU.ActiveCfg = Debug|Any CPU
		{BA270B21-AD7A-4BF2-8190-729F5362D9C5}.Debug|Any CPU.Build.0 = Debug|Any CPU
		{BA270B21-AD7A-4BF2-8190-729F5362D9C5}.Release|Any CPU.ActiveCfg = Release|Any CPU
		{BA270B21-AD7A-4BF2-8190-729F5362D9C5}.Release|Any CPU.Build.0 = Release|Any CPU
		{00726BFD-1FA9-4477-9959-25E0217887E7}.Debug|Any CPU.ActiveCfg = Debug|Any CPU
		{00726BFD-1FA9-4477-9959-25E0217887E7}.Debug|Any CPU.Build.0 = Debug|Any CPU
		{00726BFD-1FA9-4477-9959-25E0217887E7}.Release|Any CPU.ActiveCfg = Release|Any CPU
		{00726BFD-1FA9-4477-9959-25E0217887E7}.Release|Any CPU.Build.0 = Release|Any CPU
	EndGlobalSection
	GlobalSection(SolutionProperties) = preSolution
		HideSolutionNode = FALSE
	EndGlobalSection
	GlobalSection(ExtensibilityGlobals) = postSolution
		SolutionGuid = {AFBC1776-5BFC-41F1-B662-F098A2F2E016}
	EndGlobalSection
EndGlobal
